
Microsoft Visual Studio Solution File, Format Version 12.00
# Visual Studio 15
VisualStudioVersion = 15.0.26228.9
MinimumVisualStudioVersion = 10.0.40219.1
Project("{FAE04EC0-301F-11D3-BF4B-00C04F79EFBC}") = "BodyframeExtraction", "BodyFrameExtraction\BodyframeExtraction.csproj", "{00EE9B9B-F109-4C8B-9BE1-93626A2F9914}"
EndProject
Project("{FAE04EC0-301F-11D3-BF4B-00C04F79EFBC}") = "DepthExtraction", "DepthFrameExtraction\DepthExtraction.csproj", "{FB2EB279-2FCD-4FD0-8DBB-C8F83D7B5ECA}"
EndProject
Project("{FAE04EC0-301F-11D3-BF4B-00C04F79EFBC}") = "BodyIndexExtraction", "BodyIndexExtraction\BodyIndexExtraction.csproj", "{A574B913-FD70-4AE2-B9A3-6E1AE61AB44F}"
EndProject
Global
	GlobalSection(SolutionConfigurationPlatforms) = preSolution
		Debug|Any CPU = Debug|Any CPU
		Debug|x64 = Debug|x64
		Release|Any CPU = Release|Any CPU
		Release|x64 = Release|x64
	EndGlobalSection
	GlobalSection(ProjectConfigurationPlatforms) = postSolution
		{00EE9B9B-F109-4C8B-9BE1-93626A2F9914}.Debug|Any CPU.ActiveCfg = Debug|Any CPU
		{00EE9B9B-F109-4C8B-9BE1-93626A2F9914}.Debug|Any CPU.Build.0 = Debug|Any CPU
		{00EE9B9B-F109-4C8B-9BE1-93626A2F9914}.Debug|x64.ActiveCfg = Debug|x64
		{00EE9B9B-F109-4C8B-9BE1-93626A2F9914}.Debug|x64.Build.0 = Debug|x64
		{00EE9B9B-F109-4C8B-9BE1-93626A2F9914}.Release|Any CPU.ActiveCfg = Release|Any CPU
		{00EE9B9B-F109-4C8B-9BE1-93626A2F9914}.Release|Any CPU.Build.0 = Release|Any CPU
		{00EE9B9B-F109-4C8B-9BE1-93626A2F9914}.Release|x64.ActiveCfg = Release|x64
		{00EE9B9B-F109-4C8B-9BE1-93626A2F9914}.Release|x64.Build.0 = Release|x64
		{FB2EB279-2FCD-4FD0-8DBB-C8F83D7B5ECA}.Debug|Any CPU.ActiveCfg = Debug|Any CPU
		{FB2EB279-2FCD-4FD0-8DBB-C8F83D7B5ECA}.Debug|Any CPU.Build.0 = Debug|Any CPU
		{FB2EB279-2FCD-4FD0-8DBB-C8F83D7B5ECA}.Debug|x64.ActiveCfg = Debug|x64
		{FB2EB279-2FCD-4FD0-8DBB-C8F83D7B5ECA}.Debug|x64.Build.0 = Debug|x64
		{FB2EB279-2FCD-4FD0-8DBB-C8F83D7B5ECA}.Release|Any CPU.ActiveCfg = Release|Any CPU
		{FB2EB279-2FCD-4FD0-8DBB-C8F83D7B5ECA}.Release|Any CPU.Build.0 = Release|Any CPU
		{FB2EB279-2FCD-4FD0-8DBB-C8F83D7B5ECA}.Release|x64.ActiveCfg = Release|x64
		{FB2EB279-2FCD-4FD0-8DBB-C8F83D7B5ECA}.Release|x64.Build.0 = Release|x64
		{A574B913-FD70-4AE2-B9A3-6E1AE61AB44F}.Debug|Any CPU.ActiveCfg = Debug|Any CPU
		{A574B913-FD70-4AE2-B9A3-6E1AE61AB44F}.Debug|Any CPU.Build.0 = Debug|Any CPU
		{A574B913-FD70-4AE2-B9A3-6E1AE61AB44F}.Debug|x64.ActiveCfg = Debug|x64
		{A574B913-FD70-4AE2-B9A3-6E1AE61AB44F}.Debug|x64.Build.0 = Debug|x64
		{A574B913-FD70-4AE2-B9A3-6E1AE61AB44F}.Release|Any CPU.ActiveCfg = Release|Any CPU
		{A574B913-FD70-4AE2-B9A3-6E1AE61AB44F}.Release|Any CPU.Build.0 = Release|Any CPU
		{A574B913-FD70-4AE2-B9A3-6E1AE61AB44F}.Release|x64.ActiveCfg = Release|x64
		{A574B913-FD70-4AE2-B9A3-6E1AE61AB44F}.Release|x64.Build.0 = Release|x64
	EndGlobalSection
	GlobalSection(SolutionProperties) = preSolution
		HideSolutionNode = FALSE
	EndGlobalSection
EndGlobal
